// !$*UTF8*$!
{
	archiveVersion = 1;
	classes = {
	};
	objectVersion = 56;
	objects = {

/* Begin PBXBuildFile section */
		5A11BBD32B68181D003BEC35 /* CalculationsListViewController.swift in Sources */ = {isa = PBXBuildFile; fileRef = 5A11BBD22B68181D003BEC35 /* CalculationsListViewController.swift */; };
		5AD2377E2B63EC1000DD9F52 /* AppDelegate.swift in Sources */ = {isa = PBXBuildFile; fileRef = 5AD2377D2B63EC1000DD9F52 /* AppDelegate.swift */; };
		5AD237802B63EC1000DD9F52 /* SceneDelegate.swift in Sources */ = {isa = PBXBuildFile; fileRef = 5AD2377F2B63EC1000DD9F52 /* SceneDelegate.swift */; };
		5AD237822B63EC1000DD9F52 /* ViewController.swift in Sources */ = {isa = PBXBuildFile; fileRef = 5AD237812B63EC1000DD9F52 /* ViewController.swift */; };
		5AD237852B63EC1000DD9F52 /* Main.storyboard in Resources */ = {isa = PBXBuildFile; fileRef = 5AD237832B63EC1000DD9F52 /* Main.storyboard */; };
		5AD237872B63EC1400DD9F52 /* Assets.xcassets in Resources */ = {isa = PBXBuildFile; fileRef = 5AD237862B63EC1400DD9F52 /* Assets.xcassets */; };
		5AD2378A2B63EC1400DD9F52 /* LaunchScreen.storyboard in Resources */ = {isa = PBXBuildFile; fileRef = 5AD237882B63EC1400DD9F52 /* LaunchScreen.storyboard */; };
		5AD237952B63EC1400DD9F52 /* TinkoffCalculatorTests.swift in Sources */ = {isa = PBXBuildFile; fileRef = 5AD237942B63EC1400DD9F52 /* TinkoffCalculatorTests.swift */; };
		5AD2379F2B63EC1400DD9F52 /* TinkoffCalculatorUITests.swift in Sources */ = {isa = PBXBuildFile; fileRef = 5AD2379E2B63EC1400DD9F52 /* TinkoffCalculatorUITests.swift */; };
		5AD237A12B63EC1400DD9F52 /* TinkoffCalculatorUITestsLaunchTests.swift in Sources */ = {isa = PBXBuildFile; fileRef = 5AD237A02B63EC1400DD9F52 /* TinkoffCalculatorUITestsLaunchTests.swift */; };
		5AD7545A2B691D5F007573C4 /* HistoryTableViewCell.swift in Sources */ = {isa = PBXBuildFile; fileRef = 5AD754592B691D5F007573C4 /* HistoryTableViewCell.swift */; };
		5AD7545C2B691E1B007573C4 /* HistoryTableViewCell.xib in Resources */ = {isa = PBXBuildFile; fileRef = 5AD7545B2B691E1B007573C4 /* HistoryTableViewCell.xib */; };
/* End PBXBuildFile section */

/* Begin PBXContainerItemProxy section */
		5AD237912B63EC1400DD9F52 /* PBXContainerItemProxy */ = {
			isa = PBXContainerItemProxy;
			containerPortal = 5AD237722B63EC1000DD9F52 /* Project object */;
			proxyType = 1;
			remoteGlobalIDString = 5AD237792B63EC1000DD9F52;
			remoteInfo = TinkoffCalculator;
		};
		5AD2379B2B63EC1400DD9F52 /* PBXContainerItemProxy */ = {
			isa = PBXContainerItemProxy;
			containerPortal = 5AD237722B63EC1000DD9F52 /* Project object */;
			proxyType = 1;
			remoteGlobalIDString = 5AD237792B63EC1000DD9F52;
			remoteInfo = TinkoffCalculator;
		};
/* End PBXContainerItemProxy section */

/* Begin PBXFileReference section */
		5A11BBD22B68181D003BEC35 /* CalculationsListViewController.swift */ = {isa = PBXFileReference; lastKnownFileType = sourcecode.swift; path = CalculationsListViewController.swift; sourceTree = "<group>"; };
		5AD2377A2B63EC1000DD9F52 /* TinkoffCalculator.app */ = {isa = PBXFileReference; explicitFileType = wrapper.application; includeInIndex = 0; path = TinkoffCalculator.app; sourceTree = BUILT_PRODUCTS_DIR; };
		5AD2377D2B63EC1000DD9F52 /* AppDelegate.swift */ = {isa = PBXFileReference; lastKnownFileType = sourcecode.swift; path = AppDelegate.swift; sourceTree = "<group>"; };
		5AD2377F2B63EC1000DD9F52 /* SceneDelegate.swift */ = {isa = PBXFileReference; lastKnownFileType = sourcecode.swift; path = SceneDelegate.swift; sourceTree = "<group>"; };
		5AD237812B63EC1000DD9F52 /* ViewController.swift */ = {isa = PBXFileReference; lastKnownFileType = sourcecode.swift; path = ViewController.swift; sourceTree = "<group>"; };
		5AD237842B63EC1000DD9F52 /* Base */ = {isa = PBXFileReference; lastKnownFileType = file.storyboard; name = Base; path = Base.lproj/Main.storyboard; sourceTree = "<group>"; };
		5AD237862B63EC1400DD9F52 /* Assets.xcassets */ = {isa = PBXFileReference; lastKnownFileType = folder.assetcatalog; path = Assets.xcassets; sourceTree = "<group>"; };
		5AD237892B63EC1400DD9F52 /* Base */ = {isa = PBXFileReference; lastKnownFileType = file.storyboard; name = Base; path = Base.lproj/LaunchScreen.storyboard; sourceTree = "<group>"; };
		5AD2378B2B63EC1400DD9F52 /* Info.plist */ = {isa = PBXFileReference; lastKnownFileType = text.plist.xml; path = Info.plist; sourceTree = "<group>"; };
		5AD237902B63EC1400DD9F52 /* TinkoffCalculatorTests.xctest */ = {isa = PBXFileReference; explicitFileType = wrapper.cfbundle; includeInIndex = 0; path = TinkoffCalculatorTests.xctest; sourceTree = BUILT_PRODUCTS_DIR; };
		5AD237942B63EC1400DD9F52 /* TinkoffCalculatorTests.swift */ = {isa = PBXFileReference; lastKnownFileType = sourcecode.swift; path = TinkoffCalculatorTests.swift; sourceTree = "<group>"; };
		5AD2379A2B63EC1400DD9F52 /* TinkoffCalculatorUITests.xctest */ = {isa = PBXFileReference; explicitFileType = wrapper.cfbundle; includeInIndex = 0; path = TinkoffCalculatorUITests.xctest; sourceTree = BUILT_PRODUCTS_DIR; };
		5AD2379E2B63EC1400DD9F52 /* TinkoffCalculatorUITests.swift */ = {isa = PBXFileReference; lastKnownFileType = sourcecode.swift; path = TinkoffCalculatorUITests.swift; sourceTree = "<group>"; };
		5AD237A02B63EC1400DD9F52 /* TinkoffCalculatorUITestsLaunchTests.swift */ = {isa = PBXFileReference; lastKnownFileType = sourcecode.swift; path = TinkoffCalculatorUITestsLaunchTests.swift; sourceTree = "<group>"; };
		5AD754592B691D5F007573C4 /* HistoryTableViewCell.swift */ = {isa = PBXFileReference; lastKnownFileType = sourcecode.swift; path = HistoryTableViewCell.swift; sourceTree = "<group>"; };
		5AD7545B2B691E1B007573C4 /* HistoryTableViewCell.xib */ = {isa = PBXFileReference; lastKnownFileType = file.xib; path = HistoryTableViewCell.xib; sourceTree = "<group>"; };
/* End PBXFileReference section */

/* Begin PBXFrameworksBuildPhase section */
		5AD237772B63EC1000DD9F52 /* Frameworks */ = {
			isa = PBXFrameworksBuildPhase;
			buildActionMask = 2147483647;
			files = (
			);
			runOnlyForDeploymentPostprocessing = 0;
		};
		5AD2378D2B63EC1400DD9F52 /* Frameworks */ = {
			isa = PBXFrameworksBuildPhase;
			buildActionMask = 2147483647;
			files = (
			);
			runOnlyForDeploymentPostprocessing = 0;
		};
		5AD237972B63EC1400DD9F52 /* Frameworks */ = {
			isa = PBXFrameworksBuildPhase;
			buildActionMask = 2147483647;
			files = (
			);
			runOnlyForDeploymentPostprocessing = 0;
		};
/* End PBXFrameworksBuildPhase section */

/* Begin PBXGroup section */
		5AD237712B63EC1000DD9F52 = {
			isa = PBXGroup;
			children = (
				5AD2377C2B63EC1000DD9F52 /* TinkoffCalculator */,
				5AD237932B63EC1400DD9F52 /* TinkoffCalculatorTests */,
				5AD2379D2B63EC1400DD9F52 /* TinkoffCalculatorUITests */,
				5AD2377B2B63EC1000DD9F52 /* Products */,
			);
			sourceTree = "<group>";
		};
		5AD2377B2B63EC1000DD9F52 /* Products */ = {
			isa = PBXGroup;
			children = (
				5AD2377A2B63EC1000DD9F52 /* TinkoffCalculator.app */,
				5AD237902B63EC1400DD9F52 /* TinkoffCalculatorTests.xctest */,
				5AD2379A2B63EC1400DD9F52 /* TinkoffCalculatorUITests.xctest */,
			);
			name = Products;
			sourceTree = "<group>";
		};
		5AD2377C2B63EC1000DD9F52 /* TinkoffCalculator */ = {
			isa = PBXGroup;
			children = (
				5AD754582B691D3F007573C4 /* History */,
				5AD237862B63EC1400DD9F52 /* Assets.xcassets */,
				5AD2377D2B63EC1000DD9F52 /* AppDelegate.swift */,
				5AD2378B2B63EC1400DD9F52 /* Info.plist */,
				5AD2377F2B63EC1000DD9F52 /* SceneDelegate.swift */,
				5AD237812B63EC1000DD9F52 /* ViewController.swift */,
				5AD237832B63EC1000DD9F52 /* Main.storyboard */,
				5AD237882B63EC1400DD9F52 /* LaunchScreen.storyboard */,
			);
			path = TinkoffCalculator;
			sourceTree = "<group>";
		};
		5AD237932B63EC1400DD9F52 /* TinkoffCalculatorTests */ = {
			isa = PBXGroup;
			children = (
				5AD237942B63EC1400DD9F52 /* TinkoffCalculatorTests.swift */,
			);
			path = TinkoffCalculatorTests;
			sourceTree = "<group>";
		};
		5AD2379D2B63EC1400DD9F52 /* TinkoffCalculatorUITests */ = {
			isa = PBXGroup;
			children = (
				5AD2379E2B63EC1400DD9F52 /* TinkoffCalculatorUITests.swift */,
				5AD237A02B63EC1400DD9F52 /* TinkoffCalculatorUITestsLaunchTests.swift */,
			);
			path = TinkoffCalculatorUITests;
			sourceTree = "<group>";
		};
		5AD754582B691D3F007573C4 /* History */ = {
			isa = PBXGroup;
			children = (
				5A11BBD22B68181D003BEC35 /* CalculationsListViewController.swift */,
				5AD754592B691D5F007573C4 /* HistoryTableViewCell.swift */,
				5AD7545B2B691E1B007573C4 /* HistoryTableViewCell.xib */,
			);
			path = History;
			sourceTree = "<group>";
		};
/* End PBXGroup section */

/* Begin PBXNativeTarget section */
		5AD237792B63EC1000DD9F52 /* TinkoffCalculator */ = {
			isa = PBXNativeTarget;
			buildConfigurationList = 5AD237A42B63EC1400DD9F52 /* Build configuration list for PBXNativeTarget "TinkoffCalculator" */;
			buildPhases = (
				5AD237762B63EC1000DD9F52 /* Sources */,
				5AD237772B63EC1000DD9F52 /* Frameworks */,
				5AD237782B63EC1000DD9F52 /* Resources */,
			);
			buildRules = (
			);
			dependencies = (
			);
			name = TinkoffCalculator;
			productName = TinkoffCalculator;
			productReference = 5AD2377A2B63EC1000DD9F52 /* TinkoffCalculator.app */;
			productType = "com.apple.product-type.application";
		};
		5AD2378F2B63EC1400DD9F52 /* TinkoffCalculatorTests */ = {
			isa = PBXNativeTarget;
			buildConfigurationList = 5AD237A72B63EC1400DD9F52 /* Build configuration list for PBXNativeTarget "TinkoffCalculatorTests" */;
			buildPhases = (
				5AD2378C2B63EC1400DD9F52 /* Sources */,
				5AD2378D2B63EC1400DD9F52 /* Frameworks */,
				5AD2378E2B63EC1400DD9F52 /* Resources */,
			);
			buildRules = (
			);
			dependencies = (
				5AD237922B63EC1400DD9F52 /* PBXTargetDependency */,
			);
			name = TinkoffCalculatorTests;
			productName = TinkoffCalculatorTests;
			productReference = 5AD237902B63EC1400DD9F52 /* TinkoffCalculatorTests.xctest */;
			productType = "com.apple.product-type.bundle.unit-test";
		};
		5AD237992B63EC1400DD9F52 /* TinkoffCalculatorUITests */ = {
			isa = PBXNativeTarget;
			buildConfigurationList = 5AD237AA2B63EC1400DD9F52 /* Build configuration list for PBXNativeTarget "TinkoffCalculatorUITests" */;
			buildPhases = (
				5AD237962B63EC1400DD9F52 /* Sources */,
				5AD237972B63EC1400DD9F52 /* Frameworks */,
				5AD237982B63EC1400DD9F52 /* Resources */,
			);
			buildRules = (
			);
			dependencies = (
				5AD2379C2B63EC1400DD9F52 /* PBXTargetDependency */,
			);
			name = TinkoffCalculatorUITests;
			productName = TinkoffCalculatorUITests;
			productReference = 5AD2379A2B63EC1400DD9F52 /* TinkoffCalculatorUITests.xctest */;
			productType = "com.apple.product-type.bundle.ui-testing";
		};
/* End PBXNativeTarget section */

/* Begin PBXProject section */
		5AD237722B63EC1000DD9F52 /* Project object */ = {
			isa = PBXProject;
			attributes = {
				BuildIndependentTargetsInParallel = 1;
				LastSwiftUpdateCheck = 1520;
				LastUpgradeCheck = 1520;
				TargetAttributes = {
					5AD237792B63EC1000DD9F52 = {
						CreatedOnToolsVersion = 15.2;
					};
					5AD2378F2B63EC1400DD9F52 = {
						CreatedOnToolsVersion = 15.2;
						TestTargetID = 5AD237792B63EC1000DD9F52;
					};
					5AD237992B63EC1400DD9F52 = {
						CreatedOnToolsVersion = 15.2;
						TestTargetID = 5AD237792B63EC1000DD9F52;
					};
				};
			};
			buildConfigurationList = 5AD237752B63EC1000DD9F52 /* Build configuration list for PBXProject "TinkoffCalculator" */;
			compatibilityVersion = "Xcode 14.0";
			developmentRegion = en;
			hasScannedForEncodings = 0;
			knownRegions = (
				en,
				Base,
			);
			mainGroup = 5AD237712B63EC1000DD9F52;
			productRefGroup = 5AD2377B2B63EC1000DD9F52 /* Products */;
			projectDirPath = "";
			projectRoot = "";
			targets = (
				5AD237792B63EC1000DD9F52 /* TinkoffCalculator */,
				5AD2378F2B63EC1400DD9F52 /* TinkoffCalculatorTests */,
				5AD237992B63EC1400DD9F52 /* TinkoffCalculatorUITests */,
			);
		};
/* End PBXProject section */

/* Begin PBXResourcesBuildPhase section */
		5AD237782B63EC1000DD9F52 /* Resources */ = {
			isa = PBXResourcesBuildPhase;
			buildActionMask = 2147483647;
			files = (
				5AD2378A2B63EC1400DD9F52 /* LaunchScreen.storyboard in Resources */,
				5AD237872B63EC1400DD9F52 /* Assets.xcassets in Resources */,
				5AD7545C2B691E1B007573C4 /* HistoryTableViewCell.xib in Resources */,
				5AD237852B63EC1000DD9F52 /* Main.storyboard in Resources */,
			);
			runOnlyForDeploymentPostprocessing = 0;
		};
		5AD2378E2B63EC1400DD9F52 /* Resources */ = {
			isa = PBXResourcesBuildPhase;
			buildActionMask = 2147483647;
			files = (
			);
			runOnlyForDeploymentPostprocessing = 0;
		};
		5AD237982B63EC1400DD9F52 /* Resources */ = {
			isa = PBXResourcesBuildPhase;
			buildActionMask = 2147483647;
			files = (
			);
			runOnlyForDeploymentPostprocessing = 0;
		};
/* End PBXResourcesBuildPhase section */

/* Begin PBXSourcesBuildPhase section */
		5AD237762B63EC1000DD9F52 /* Sources */ = {
			isa = PBXSourcesBuildPhase;
			buildActionMask = 2147483647;
			files = (
				5A11BBD32B68181D003BEC35 /* CalculationsListViewController.swift in Sources */,
				5AD237822B63EC1000DD9F52 /* ViewController.swift in Sources */,
				5AD2377E2B63EC1000DD9F52 /* AppDelegate.swift in Sources */,
				5AD237802B63EC1000DD9F52 /* SceneDelegate.swift in Sources */,
				5AD7545A2B691D5F007573C4 /* HistoryTableViewCell.swift in Sources */,
			);
			runOnlyForDeploymentPostprocessing = 0;
		};
		5AD2378C2B63EC1400DD9F52 /* Sources */ = {
			isa = PBXSourcesBuildPhase;
			buildActionMask = 2147483647;
			files = (
				5AD237952B63EC1400DD9F52 /* TinkoffCalculatorTests.swift in Sources */,
			);
			runOnlyForDeploymentPostprocessing = 0;
		};
		5AD237962B63EC1400DD9F52 /* Sources */ = {
			isa = PBXSourcesBuildPhase;
			buildActionMask = 2147483647;
			files = (
				5AD237A12B63EC1400DD9F52 /* TinkoffCalculatorUITestsLaunchTests.swift in Sources */,
				5AD2379F2B63EC1400DD9F52 /* TinkoffCalculatorUITests.swift in Sources */,
			);
			runOnlyForDeploymentPostprocessing = 0;
		};
/* End PBXSourcesBuildPhase section */

/* Begin PBXTargetDependency section */
		5AD237922B63EC1400DD9F52 /* PBXTargetDependency */ = {
			isa = PBXTargetDependency;
			target = 5AD237792B63EC1000DD9F52 /* TinkoffCalculator */;
			targetProxy = 5AD237912B63EC1400DD9F52 /* PBXContainerItemProxy */;
		};
		5AD2379C2B63EC1400DD9F52 /* PBXTargetDependency */ = {
			isa = PBXTargetDependency;
			target = 5AD237792B63EC1000DD9F52 /* TinkoffCalculator */;
			targetProxy = 5AD2379B2B63EC1400DD9F52 /* PBXContainerItemProxy */;
		};
/* End PBXTargetDependency section */

/* Begin PBXVariantGroup section */
		5AD237832B63EC1000DD9F52 /* Main.storyboard */ = {
			isa = PBXVariantGroup;
			children = (
				5AD237842B63EC1000DD9F52 /* Base */,
			);
			name = Main.storyboard;
			sourceTree = "<group>";
		};
		5AD237882B63EC1400DD9F52 /* LaunchScreen.storyboard */ = {
			isa = PBXVariantGroup;
			children = (
				5AD237892B63EC1400DD9F52 /* Base */,
			);
			name = LaunchScreen.storyboard;
			sourceTree = "<group>";
		};
/* End PBXVariantGroup section */

/* Begin XCBuildConfiguration section */
		5AD237A22B63EC1400DD9F52 /* Debug */ = {
			isa = XCBuildConfiguration;
			buildSettings = {
				ALWAYS_SEARCH_USER_PATHS = NO;
				ASSETCATALOG_COMPILER_GENERATE_SWIFT_ASSET_SYMBOL_EXTENSIONS = YES;
				CLANG_ANALYZER_NONNULL = YES;
				CLANG_ANALYZER_NUMBER_OBJECT_CONVERSION = YES_AGGRESSIVE;
				CLANG_CXX_LANGUAGE_STANDARD = "gnu++20";
				CLANG_ENABLE_MODULES = YES;
				CLANG_ENABLE_OBJC_ARC = YES;
				CLANG_ENABLE_OBJC_WEAK = YES;
				CLANG_WARN_BLOCK_CAPTURE_AUTORELEASING = YES;
				CLANG_WARN_BOOL_CONVERSION = YES;
				CLANG_WARN_COMMA = YES;
				CLANG_WARN_CONSTANT_CONVERSION = YES;
				CLANG_WARN_DEPRECATED_OBJC_IMPLEMENTATIONS = YES;
				CLANG_WARN_DIRECT_OBJC_ISA_USAGE = YES_ERROR;
				CLANG_WARN_DOCUMENTATION_COMMENTS = YES;
				CLANG_WARN_EMPTY_BODY = YES;
				CLANG_WARN_ENUM_CONVERSION = YES;
				CLANG_WARN_INFINITE_RECURSION = YES;
				CLANG_WARN_INT_CONVERSION = YES;
				CLANG_WARN_NON_LITERAL_NULL_CONVERSION = YES;
				CLANG_WARN_OBJC_IMPLICIT_RETAIN_SELF = YES;
				CLANG_WARN_OBJC_LITERAL_CONVERSION = YES;
				CLANG_WARN_OBJC_ROOT_CLASS = YES_ERROR;
				CLANG_WARN_QUOTED_INCLUDE_IN_FRAMEWORK_HEADER = YES;
				CLANG_WARN_RANGE_LOOP_ANALYSIS = YES;
				CLANG_WARN_STRICT_PROTOTYPES = YES;
				CLANG_WARN_SUSPICIOUS_MOVE = YES;
				CLANG_WARN_UNGUARDED_AVAILABILITY = YES_AGGRESSIVE;
				CLANG_WARN_UNREACHABLE_CODE = YES;
				CLANG_WARN__DUPLICATE_METHOD_MATCH = YES;
				COPY_PHASE_STRIP = NO;
				DEBUG_INFORMATION_FORMAT = dwarf;
				ENABLE_STRICT_OBJC_MSGSEND = YES;
				ENABLE_TESTABILITY = YES;
				ENABLE_USER_SCRIPT_SANDBOXING = YES;
				GCC_C_LANGUAGE_STANDARD = gnu17;
				GCC_DYNAMIC_NO_PIC = NO;
				GCC_NO_COMMON_BLOCKS = YES;
				GCC_OPTIMIZATION_LEVEL = 0;
				GCC_PREPROCESSOR_DEFINITIONS = (
					"DEBUG=1",
					"$(inherited)",
				);
				GCC_WARN_64_TO_32_BIT_CONVERSION = YES;
				GCC_WARN_ABOUT_RETURN_TYPE = YES_ERROR;
				GCC_WARN_UNDECLARED_SELECTOR = YES;
				GCC_WARN_UNINITIALIZED_AUTOS = YES_AGGRESSIVE;
				GCC_WARN_UNUSED_FUNCTION = YES;
				GCC_WARN_UNUSED_VARIABLE = YES;
				IPHONEOS_DEPLOYMENT_TARGET = 17.2;
				LOCALIZATION_PREFERS_STRING_CATALOGS = YES;
				MTL_ENABLE_DEBUG_INFO = INCLUDE_SOURCE;
				MTL_FAST_MATH = YES;
				ONLY_ACTIVE_ARCH = YES;
				SDKROOT = iphoneos;
				SWIFT_ACTIVE_COMPILATION_CONDITIONS = "DEBUG $(inherited)";
				SWIFT_OPTIMIZATION_LEVEL = "-Onone";
			};
			name = Debug;
		};
		5AD237A32B63EC1400DD9F52 /* Release */ = {
			isa = XCBuildConfiguration;
			buildSettings = {
				ALWAYS_SEARCH_USER_PATHS = NO;
				ASSETCATALOG_COMPILER_GENERATE_SWIFT_ASSET_SYMBOL_EXTENSIONS = YES;
				CLANG_ANALYZER_NONNULL = YES;
				CLANG_ANALYZER_NUMBER_OBJECT_CONVERSION = YES_AGGRESSIVE;
				CLANG_CXX_LANGUAGE_STANDARD = "gnu++20";
				CLANG_ENABLE_MODULES = YES;
				CLANG_ENABLE_OBJC_ARC = YES;
				CLANG_ENABLE_OBJC_WEAK = YES;
				CLANG_WARN_BLOCK_CAPTURE_AUTORELEASING = YES;
				CLANG_WARN_BOOL_CONVERSION = YES;
				CLANG_WARN_COMMA = YES;
				CLANG_WARN_CONSTANT_CONVERSION = YES;
				CLANG_WARN_DEPRECATED_OBJC_IMPLEMENTATIONS = YES;
				CLANG_WARN_DIRECT_OBJC_ISA_USAGE = YES_ERROR;
				CLANG_WARN_DOCUMENTATION_COMMENTS = YES;
				CLANG_WARN_EMPTY_BODY = YES;
				CLANG_WARN_ENUM_CONVERSION = YES;
				CLANG_WARN_INFINITE_RECURSION = YES;
				CLANG_WARN_INT_CONVERSION = YES;
				CLANG_WARN_NON_LITERAL_NULL_CONVERSION = YES;
				CLANG_WARN_OBJC_IMPLICIT_RETAIN_SELF = YES;
				CLANG_WARN_OBJC_LITERAL_CONVERSION = YES;
				CLANG_WARN_OBJC_ROOT_CLASS = YES_ERROR;
				CLANG_WARN_QUOTED_INCLUDE_IN_FRAMEWORK_HEADER = YES;
				CLANG_WARN_RANGE_LOOP_ANALYSIS = YES;
				CLANG_WARN_STRICT_PROTOTYPES = YES;
				CLANG_WARN_SUSPICIOUS_MOVE = YES;
				CLANG_WARN_UNGUARDED_AVAILABILITY = YES_AGGRESSIVE;
				CLANG_WARN_UNREACHABLE_CODE = YES;
				CLANG_WARN__DUPLICATE_METHOD_MATCH = YES;
				COPY_PHASE_STRIP = NO;
				DEBUG_INFORMATION_FORMAT = "dwarf-with-dsym";
				ENABLE_NS_ASSERTIONS = NO;
				ENABLE_STRICT_OBJC_MSGSEND = YES;
				ENABLE_USER_SCRIPT_SANDBOXING = YES;
				GCC_C_LANGUAGE_STANDARD = gnu17;
				GCC_NO_COMMON_BLOCKS = YES;
				GCC_WARN_64_TO_32_BIT_CONVERSION = YES;
				GCC_WARN_ABOUT_RETURN_TYPE = YES_ERROR;
				GCC_WARN_UNDECLARED_SELECTOR = YES;
				GCC_WARN_UNINITIALIZED_AUTOS = YES_AGGRESSIVE;
				GCC_WARN_UNUSED_FUNCTION = YES;
				GCC_WARN_UNUSED_VARIABLE = YES;
				IPHONEOS_DEPLOYMENT_TARGET = 17.2;
				LOCALIZATION_PREFERS_STRING_CATALOGS = YES;
				MTL_ENABLE_DEBUG_INFO = NO;
				MTL_FAST_MATH = YES;
				SDKROOT = iphoneos;
				SWIFT_COMPILATION_MODE = wholemodule;
				VALIDATE_PRODUCT = YES;
			};
			name = Release;
		};
		5AD237A52B63EC1400DD9F52 /* Debug */ = {
			isa = XCBuildConfiguration;
			buildSettings = {
				ASSETCATALOG_COMPILER_APPICON_NAME = AppIcon;
				ASSETCATALOG_COMPILER_GLOBAL_ACCENT_COLOR_NAME = AccentColor;
				CODE_SIGN_STYLE = Automatic;
				CURRENT_PROJECT_VERSION = 1;
				DEVELOPMENT_TEAM = A9DYLZK6WL;
				GENERATE_INFOPLIST_FILE = YES;
				INFOPLIST_FILE = TinkoffCalculator/Info.plist;
				INFOPLIST_KEY_UIApplicationSupportsIndirectInputEvents = YES;
				INFOPLIST_KEY_UILaunchStoryboardName = LaunchScreen;
				INFOPLIST_KEY_UIMainStoryboardFile = Main;
				INFOPLIST_KEY_UISupportedInterfaceOrientations_iPad = "UIInterfaceOrientationPortrait UIInterfaceOrientationPortraitUpsideDown UIInterfaceOrientationLandscapeLeft UIInterfaceOrientationLandscapeRight";
				INFOPLIST_KEY_UISupportedInterfaceOrientations_iPhone = "UIInterfaceOrientationPortrait UIInterfaceOrientationLandscapeLeft UIInterfaceOrientationLandscapeRight";
				IPHONEOS_DEPLOYMENT_TARGET = 16.0;
				LD_RUNPATH_SEARCH_PATHS = (
					"$(inherited)",
					"@executable_path/Frameworks",
				);
				MARKETING_VERSION = 1.0;
				PRODUCT_BUNDLE_IDENTIFIER = com.ssaashaa.TinkoffCalculator;
				PRODUCT_NAME = "$(TARGET_NAME)";
				SWIFT_EMIT_LOC_STRINGS = YES;
				SWIFT_VERSION = 5.0;
				TARGETED_DEVICE_FAMILY = "1,2";
			};
			name = Debug;
		};
		5AD237A62B63EC1400DD9F52 /* Release */ = {
			isa = XCBuildConfiguration;
			buildSettings = {
				ASSETCATALOG_COMPILER_APPICON_NAME = AppIcon;
				ASSETCATALOG_COMPILER_GLOBAL_ACCENT_COLOR_NAME = AccentColor;
				CODE_SIGN_STYLE = Automatic;
				CURRENT_PROJECT_VERSION = 1;
				DEVELOPMENT_TEAM = A9DYLZK6WL;
				GENERATE_INFOPLIST_FILE = YES;
				INFOPLIST_FILE = TinkoffCalculator/Info.plist;
				INFOPLIST_KEY_UIApplicationSupportsIndirectInputEvents = YES;
				INFOPLIST_KEY_UILaunchStoryboardName = LaunchScreen;
				INFOPLIST_KEY_UIMainStoryboardFile = Main;
				INFOPLIST_KEY_UISupportedInterfaceOrientations_iPad = "UIInterfaceOrientationPortrait UIInterfaceOrientationPortraitUpsideDown UIInterfaceOrientationLandscapeLeft UIInterfaceOrientationLandscapeRight";
				INFOPLIST_KEY_UISupportedInterfaceOrientations_iPhone = "UIInterfaceOrientationPortrait UIInterfaceOrientationLandscapeLeft UIInterfaceOrientationLandscapeRight";
				IPHONEOS_DEPLOYMENT_TARGET = 16.0;
				LD_RUNPATH_SEARCH_PATHS = (
					"$(inherited)",
					"@executable_path/Frameworks",
				);
				MARKETING_VERSION = 1.0;
				PRODUCT_BUNDLE_IDENTIFIER = com.ssaashaa.TinkoffCalculator;
				PRODUCT_NAME = "$(TARGET_NAME)";
				SWIFT_EMIT_LOC_STRINGS = YES;
				SWIFT_VERSION = 5.0;
				TARGETED_DEVICE_FAMILY = "1,2";
			};
			name = Release;
		};
		5AD237A82B63EC1400DD9F52 /* Debug */ = {
			isa = XCBuildConfiguration;
			buildSettings = {
				ALWAYS_EMBED_SWIFT_STANDARD_LIBRARIES = YES;
				BUNDLE_LOADER = "$(TEST_HOST)";
				CODE_SIGN_STYLE = Automatic;
				CURRENT_PROJECT_VERSION = 1;
				DEVELOPMENT_TEAM = A9DYLZK6WL;
				GENERATE_INFOPLIST_FILE = YES;
				IPHONEOS_DEPLOYMENT_TARGET = 16.0;
				MARKETING_VERSION = 1.0;
				PRODUCT_BUNDLE_IDENTIFIER = com.ssaashaa.TinkoffCalculatorTests;
				PRODUCT_NAME = "$(TARGET_NAME)";
				SWIFT_EMIT_LOC_STRINGS = NO;
				SWIFT_VERSION = 5.0;
				TARGETED_DEVICE_FAMILY = "1,2";
				TEST_HOST = "$(BUILT_PRODUCTS_DIR)/TinkoffCalculator.app/$(BUNDLE_EXECUTABLE_FOLDER_PATH)/TinkoffCalculator";
			};
			name = Debug;
		};
		5AD237A92B63EC1400DD9F52 /* Release */ = {
			isa = XCBuildConfiguration;
			buildSettings = {
				ALWAYS_EMBED_SWIFT_STANDARD_LIBRARIES = YES;
				BUNDLE_LOADER = "$(TEST_HOST)";
				CODE_SIGN_STYLE = Automatic;
				CURRENT_PROJECT_VERSION = 1;
				DEVELOPMENT_TEAM = A9DYLZK6WL;
				GENERATE_INFOPLIST_FILE = YES;
				IPHONEOS_DEPLOYMENT_TARGET = 16.0;
				MARKETING_VERSION = 1.0;
				PRODUCT_BUNDLE_IDENTIFIER = com.ssaashaa.TinkoffCalculatorTests;
				PRODUCT_NAME = "$(TARGET_NAME)";
				SWIFT_EMIT_LOC_STRINGS = NO;
				SWIFT_VERSION = 5.0;
				TARGETED_DEVICE_FAMILY = "1,2";
				TEST_HOST = "$(BUILT_PRODUCTS_DIR)/TinkoffCalculator.app/$(BUNDLE_EXECUTABLE_FOLDER_PATH)/TinkoffCalculator";
			};
			name = Release;
		};
		5AD237AB2B63EC1400DD9F52 /* Debug */ = {
			isa = XCBuildConfiguration;
			buildSettings = {
				ALWAYS_EMBED_SWIFT_STANDARD_LIBRARIES = YES;
				CODE_SIGN_STYLE = Automatic;
				CURRENT_PROJECT_VERSION = 1;
				DEVELOPMENT_TEAM = A9DYLZK6WL;
				GENERATE_INFOPLIST_FILE = YES;
				IPHONEOS_DEPLOYMENT_TARGET = 16.0;
				MARKETING_VERSION = 1.0;
				PRODUCT_BUNDLE_IDENTIFIER = com.ssaashaa.TinkoffCalculatorUITests;
				PRODUCT_NAME = "$(TARGET_NAME)";
				SWIFT_EMIT_LOC_STRINGS = NO;
				SWIFT_VERSION = 5.0;
				TARGETED_DEVICE_FAMILY = "1,2";
				TEST_TARGET_NAME = TinkoffCalculator;
			};
			name = Debug;
		};
		5AD237AC2B63EC1400DD9F52 /* Release */ = {
			isa = XCBuildConfiguration;
			buildSettings = {
				ALWAYS_EMBED_SWIFT_STANDARD_LIBRARIES = YES;
				CODE_SIGN_STYLE = Automatic;
				CURRENT_PROJECT_VERSION = 1;
				DEVELOPMENT_TEAM = A9DYLZK6WL;
				GENERATE_INFOPLIST_FILE = YES;
				IPHONEOS_DEPLOYMENT_TARGET = 16.0;
				MARKETING_VERSION = 1.0;
				PRODUCT_BUNDLE_IDENTIFIER = com.ssaashaa.TinkoffCalculatorUITests;
				PRODUCT_NAME = "$(TARGET_NAME)";
				SWIFT_EMIT_LOC_STRINGS = NO;
				SWIFT_VERSION = 5.0;
				TARGETED_DEVICE_FAMILY = "1,2";
				TEST_TARGET_NAME = TinkoffCalculator;
			};
			name = Release;
		};
/* End XCBuildConfiguration section */

/* Begin XCConfigurationList section */
		5AD237752B63EC1000DD9F52 /* Build configuration list for PBXProject "TinkoffCalculator" */ = {
			isa = XCConfigurationList;
			buildConfigurations = (
				5AD237A22B63EC1400DD9F52 /* Debug */,
				5AD237A32B63EC1400DD9F52 /* Release */,
			);
			defaultConfigurationIsVisible = 0;
			defaultConfigurationName = Release;
		};
		5AD237A42B63EC1400DD9F52 /* Build configuration list for PBXNativeTarget "TinkoffCalculator" */ = {
			isa = XCConfigurationList;
			buildConfigurations = (
				5AD237A52B63EC1400DD9F52 /* Debug */,
				5AD237A62B63EC1400DD9F52 /* Release */,
			);
			defaultConfigurationIsVisible = 0;
			defaultConfigurationName = Release;
		};
		5AD237A72B63EC1400DD9F52 /* Build configuration list for PBXNativeTarget "TinkoffCalculatorTests" */ = {
			isa = XCConfigurationList;
			buildConfigurations = (
				5AD237A82B63EC1400DD9F52 /* Debug */,
				5AD237A92B63EC1400DD9F52 /* Release */,
			);
			defaultConfigurationIsVisible = 0;
			defaultConfigurationName = Release;
		};
		5AD237AA2B63EC1400DD9F52 /* Build configuration list for PBXNativeTarget "TinkoffCalculatorUITests" */ = {
			isa = XCConfigurationList;
			buildConfigurations = (
				5AD237AB2B63EC1400DD9F52 /* Debug */,
				5AD237AC2B63EC1400DD9F52 /* Release */,
			);
			defaultConfigurationIsVisible = 0;
			defaultConfigurationName = Release;
		};
/* End XCConfigurationList section */
	};
	rootObject = 5AD237722B63EC1000DD9F52 /* Project object */;
}
