// !$*UTF8*$!
{
	archiveVersion = 1;
	classes = {
	};
	objectVersion = 56;
	objects = {

/* Begin PBXBuildFile section */
		5A06CB762B8CF876009E22EA /* iOSSnapshotTestCase in Frameworks */ = {isa = PBXBuildFile; productRef = 5A06CB752B8CF876009E22EA /* iOSSnapshotTestCase */; };
		5A11BBD32B68181D003BEC35 /* HistoryViewController.swift in Sources */ = {isa = PBXBuildFile; fileRef = 5A11BBD22B68181D003BEC35 /* HistoryViewController.swift */; };
		5A7D78672B7D25A20014F88B /* HistoryPage.swift in Sources */ = {isa = PBXBuildFile; fileRef = 5A7D78662B7D25A20014F88B /* HistoryPage.swift */; };
		5A7D78692B7E76790014F88B /* XCUIElement+ExistenceCheck.swift in Sources */ = {isa = PBXBuildFile; fileRef = 5A7D78682B7E76790014F88B /* XCUIElement+ExistenceCheck.swift */; };
		5A7D78712B83AF9F0014F88B /* AddTest.swift in Sources */ = {isa = PBXBuildFile; fileRef = 5A7D78702B83AF9F0014F88B /* AddTest.swift */; };
		5A7D78732B83AFA90014F88B /* DivideTest.swift in Sources */ = {isa = PBXBuildFile; fileRef = 5A7D78722B83AFA90014F88B /* DivideTest.swift */; };
		5A7D78752B83AFBB0014F88B /* MultiplyTest.swift in Sources */ = {isa = PBXBuildFile; fileRef = 5A7D78742B83AFBB0014F88B /* MultiplyTest.swift */; };
		5A7D78772B83AFCE0014F88B /* SubstractTest.swift in Sources */ = {isa = PBXBuildFile; fileRef = 5A7D78762B83AFCE0014F88B /* SubstractTest.swift */; };
		5A7D78792B83B0020014F88B /* ClearTest.swift in Sources */ = {isa = PBXBuildFile; fileRef = 5A7D78782B83B0020014F88B /* ClearTest.swift */; };
		5A7D787B2B83B01B0014F88B /* HistoryTest.swift in Sources */ = {isa = PBXBuildFile; fileRef = 5A7D787A2B83B01B0014F88B /* HistoryTest.swift */; };
		5A7D787D2B83B3B90014F88B /* CalculationTest.swift in Sources */ = {isa = PBXBuildFile; fileRef = 5A7D787C2B83B3B90014F88B /* CalculationTest.swift */; };
		5A7D78802B84AF860014F88B /* EasterEggTest.swift in Sources */ = {isa = PBXBuildFile; fileRef = 5A7D787F2B84AF860014F88B /* EasterEggTest.swift */; };
		5A7D78862B861A820014F88B /* Date+CurrentDate.swift in Sources */ = {isa = PBXBuildFile; fileRef = 5A7D78842B8614190014F88B /* Date+CurrentDate.swift */; };
		5A97A2A72B6A679D001E9671 /* Storage.swift in Sources */ = {isa = PBXBuildFile; fileRef = 5A97A2A62B6A679D001E9671 /* Storage.swift */; };
		5A97A2A92B6A9BFC001E9671 /* AlertView.swift in Sources */ = {isa = PBXBuildFile; fileRef = 5A97A2A82B6A9BFC001E9671 /* AlertView.swift */; };
		5A97A2B82B6BF09B001E9671 /* Model.swift in Sources */ = {isa = PBXBuildFile; fileRef = 5A97A2B72B6BF09B001E9671 /* Model.swift */; };
		5A97A2BA2B6BF5D8001E9671 /* UILabel+Animation.swift in Sources */ = {isa = PBXBuildFile; fileRef = 5A97A2B92B6BF5D8001E9671 /* UILabel+Animation.swift */; };
		5A97A2BC2B6BF674001E9671 /* UIButton+Animation.swift in Sources */ = {isa = PBXBuildFile; fileRef = 5A97A2BB2B6BF674001E9671 /* UIButton+Animation.swift */; };
		5A9AA8D42B8BC1DC00EB0767 /* SnapshotTest.swift in Sources */ = {isa = PBXBuildFile; fileRef = 5A9AA8D22B8BBE9800EB0767 /* SnapshotTest.swift */; };
		5A9AA8D92B8BC9D100EB0767 /* UIDevice+MapToDevice.swift in Sources */ = {isa = PBXBuildFile; fileRef = 5A9AA8D82B8BC9D100EB0767 /* UIDevice+MapToDevice.swift */; };
		5A9AA8DB2B8BCA1200EB0767 /* UIImage+ImageCrop.swift in Sources */ = {isa = PBXBuildFile; fileRef = 5A9AA8DA2B8BCA1200EB0767 /* UIImage+ImageCrop.swift */; };
		5A9F2E5E2B73CF2700D6186E /* CommonPage.swift in Sources */ = {isa = PBXBuildFile; fileRef = 5A9F2E5D2B73CF2700D6186E /* CommonPage.swift */; };
		5A9F2E602B73CFE700D6186E /* CalculationPage.swift in Sources */ = {isa = PBXBuildFile; fileRef = 5A9F2E5F2B73CFE700D6186E /* CalculationPage.swift */; };
		5A9F2E622B73D0F600D6186E /* CommonTest.swift in Sources */ = {isa = PBXBuildFile; fileRef = 5A9F2E612B73D0F600D6186E /* CommonTest.swift */; };
		5AC75B082B98A88C00938135 /* XCTest+Annotations.swift in Sources */ = {isa = PBXBuildFile; fileRef = 5AC75B072B98A88C00938135 /* XCTest+Annotations.swift */; };
		5AD2377E2B63EC1000DD9F52 /* AppDelegate.swift in Sources */ = {isa = PBXBuildFile; fileRef = 5AD2377D2B63EC1000DD9F52 /* AppDelegate.swift */; };
		5AD237802B63EC1000DD9F52 /* SceneDelegate.swift in Sources */ = {isa = PBXBuildFile; fileRef = 5AD2377F2B63EC1000DD9F52 /* SceneDelegate.swift */; };
		5AD237822B63EC1000DD9F52 /* CalculationViewController.swift in Sources */ = {isa = PBXBuildFile; fileRef = 5AD237812B63EC1000DD9F52 /* CalculationViewController.swift */; };
		5AD237852B63EC1000DD9F52 /* Main.storyboard in Resources */ = {isa = PBXBuildFile; fileRef = 5AD237832B63EC1000DD9F52 /* Main.storyboard */; };
		5AD237872B63EC1400DD9F52 /* Assets.xcassets in Resources */ = {isa = PBXBuildFile; fileRef = 5AD237862B63EC1400DD9F52 /* Assets.xcassets */; };
		5AD2378A2B63EC1400DD9F52 /* LaunchScreen.storyboard in Resources */ = {isa = PBXBuildFile; fileRef = 5AD237882B63EC1400DD9F52 /* LaunchScreen.storyboard */; };
		5AD7545A2B691D5F007573C4 /* HistoryTableViewCell.swift in Sources */ = {isa = PBXBuildFile; fileRef = 5AD754592B691D5F007573C4 /* HistoryTableViewCell.swift */; };
		5AD7545C2B691E1B007573C4 /* HistoryTableViewCell.xib in Resources */ = {isa = PBXBuildFile; fileRef = 5AD7545B2B691E1B007573C4 /* HistoryTableViewCell.xib */; };
/* End PBXBuildFile section */

/* Begin PBXContainerItemProxy section */
		5AD2379B2B63EC1400DD9F52 /* PBXContainerItemProxy */ = {
			isa = PBXContainerItemProxy;
			containerPortal = 5AD237722B63EC1000DD9F52 /* Project object */;
			proxyType = 1;
			remoteGlobalIDString = 5AD237792B63EC1000DD9F52;
			remoteInfo = TinkoffCalculator;
		};
/* End PBXContainerItemProxy section */

/* Begin PBXCopyFilesBuildPhase section */
		5A06CB782B8CF877009E22EA /* Embed Frameworks */ = {
			isa = PBXCopyFilesBuildPhase;
			buildActionMask = 2147483647;
			dstPath = "";
			dstSubfolderSpec = 10;
			files = (
			);
			name = "Embed Frameworks";
			runOnlyForDeploymentPostprocessing = 0;
		};
/* End PBXCopyFilesBuildPhase section */

/* Begin PBXFileReference section */
		5A11BBD22B68181D003BEC35 /* HistoryViewController.swift */ = {isa = PBXFileReference; lastKnownFileType = sourcecode.swift; path = HistoryViewController.swift; sourceTree = "<group>"; };
		5A7D78662B7D25A20014F88B /* HistoryPage.swift */ = {isa = PBXFileReference; lastKnownFileType = sourcecode.swift; path = HistoryPage.swift; sourceTree = "<group>"; };
		5A7D78682B7E76790014F88B /* XCUIElement+ExistenceCheck.swift */ = {isa = PBXFileReference; lastKnownFileType = sourcecode.swift; path = "XCUIElement+ExistenceCheck.swift"; sourceTree = "<group>"; };
		5A7D78702B83AF9F0014F88B /* AddTest.swift */ = {isa = PBXFileReference; lastKnownFileType = sourcecode.swift; path = AddTest.swift; sourceTree = "<group>"; };
		5A7D78722B83AFA90014F88B /* DivideTest.swift */ = {isa = PBXFileReference; lastKnownFileType = sourcecode.swift; path = DivideTest.swift; sourceTree = "<group>"; };
		5A7D78742B83AFBB0014F88B /* MultiplyTest.swift */ = {isa = PBXFileReference; lastKnownFileType = sourcecode.swift; path = MultiplyTest.swift; sourceTree = "<group>"; };
		5A7D78762B83AFCE0014F88B /* SubstractTest.swift */ = {isa = PBXFileReference; lastKnownFileType = sourcecode.swift; path = SubstractTest.swift; sourceTree = "<group>"; };
		5A7D78782B83B0020014F88B /* ClearTest.swift */ = {isa = PBXFileReference; lastKnownFileType = sourcecode.swift; path = ClearTest.swift; sourceTree = "<group>"; };
		5A7D787A2B83B01B0014F88B /* HistoryTest.swift */ = {isa = PBXFileReference; lastKnownFileType = sourcecode.swift; path = HistoryTest.swift; sourceTree = "<group>"; };
		5A7D787C2B83B3B90014F88B /* CalculationTest.swift */ = {isa = PBXFileReference; lastKnownFileType = sourcecode.swift; path = CalculationTest.swift; sourceTree = "<group>"; };
		5A7D787E2B84ADCA0014F88B /* Smoke.xctestplan */ = {isa = PBXFileReference; lastKnownFileType = text; path = Smoke.xctestplan; sourceTree = "<group>"; };
		5A7D787F2B84AF860014F88B /* EasterEggTest.swift */ = {isa = PBXFileReference; lastKnownFileType = sourcecode.swift; path = EasterEggTest.swift; sourceTree = "<group>"; };
		5A7D78842B8614190014F88B /* Date+CurrentDate.swift */ = {isa = PBXFileReference; lastKnownFileType = sourcecode.swift; path = "Date+CurrentDate.swift"; sourceTree = "<group>"; };
		5A97A2A62B6A679D001E9671 /* Storage.swift */ = {isa = PBXFileReference; lastKnownFileType = sourcecode.swift; path = Storage.swift; sourceTree = "<group>"; };
		5A97A2A82B6A9BFC001E9671 /* AlertView.swift */ = {isa = PBXFileReference; lastKnownFileType = sourcecode.swift; path = AlertView.swift; sourceTree = "<group>"; };
		5A97A2B72B6BF09B001E9671 /* Model.swift */ = {isa = PBXFileReference; lastKnownFileType = sourcecode.swift; path = Model.swift; sourceTree = "<group>"; };
		5A97A2B92B6BF5D8001E9671 /* UILabel+Animation.swift */ = {isa = PBXFileReference; lastKnownFileType = sourcecode.swift; path = "UILabel+Animation.swift"; sourceTree = "<group>"; };
		5A97A2BB2B6BF674001E9671 /* UIButton+Animation.swift */ = {isa = PBXFileReference; lastKnownFileType = sourcecode.swift; path = "UIButton+Animation.swift"; sourceTree = "<group>"; };
		5A9AA8D22B8BBE9800EB0767 /* SnapshotTest.swift */ = {isa = PBXFileReference; lastKnownFileType = sourcecode.swift; path = SnapshotTest.swift; sourceTree = "<group>"; };
		5A9AA8D82B8BC9D100EB0767 /* UIDevice+MapToDevice.swift */ = {isa = PBXFileReference; lastKnownFileType = sourcecode.swift; path = "UIDevice+MapToDevice.swift"; sourceTree = "<group>"; };
		5A9AA8DA2B8BCA1200EB0767 /* UIImage+ImageCrop.swift */ = {isa = PBXFileReference; lastKnownFileType = sourcecode.swift; path = "UIImage+ImageCrop.swift"; sourceTree = "<group>"; };
		5A9F2E5D2B73CF2700D6186E /* CommonPage.swift */ = {isa = PBXFileReference; lastKnownFileType = sourcecode.swift; path = CommonPage.swift; sourceTree = "<group>"; };
		5A9F2E5F2B73CFE700D6186E /* CalculationPage.swift */ = {isa = PBXFileReference; lastKnownFileType = sourcecode.swift; path = CalculationPage.swift; sourceTree = "<group>"; };
		5A9F2E612B73D0F600D6186E /* CommonTest.swift */ = {isa = PBXFileReference; lastKnownFileType = sourcecode.swift; path = CommonTest.swift; sourceTree = "<group>"; };
		5A9F2E672B73D6B600D6186E /* Regression.xctestplan */ = {isa = PBXFileReference; lastKnownFileType = text; path = Regression.xctestplan; sourceTree = "<group>"; };
		5AC75B072B98A88C00938135 /* XCTest+Annotations.swift */ = {isa = PBXFileReference; lastKnownFileType = sourcecode.swift; path = "XCTest+Annotations.swift"; sourceTree = "<group>"; };
		5AD2377A2B63EC1000DD9F52 /* TinkoffCalculator.app */ = {isa = PBXFileReference; explicitFileType = wrapper.application; includeInIndex = 0; path = TinkoffCalculator.app; sourceTree = BUILT_PRODUCTS_DIR; };
		5AD2377D2B63EC1000DD9F52 /* AppDelegate.swift */ = {isa = PBXFileReference; lastKnownFileType = sourcecode.swift; path = AppDelegate.swift; sourceTree = "<group>"; };
		5AD2377F2B63EC1000DD9F52 /* SceneDelegate.swift */ = {isa = PBXFileReference; lastKnownFileType = sourcecode.swift; path = SceneDelegate.swift; sourceTree = "<group>"; };
		5AD237812B63EC1000DD9F52 /* CalculationViewController.swift */ = {isa = PBXFileReference; lastKnownFileType = sourcecode.swift; path = CalculationViewController.swift; sourceTree = "<group>"; };
		5AD237842B63EC1000DD9F52 /* Base */ = {isa = PBXFileReference; lastKnownFileType = file.storyboard; name = Base; path = Base.lproj/Main.storyboard; sourceTree = "<group>"; };
		5AD237862B63EC1400DD9F52 /* Assets.xcassets */ = {isa = PBXFileReference; lastKnownFileType = folder.assetcatalog; path = Assets.xcassets; sourceTree = "<group>"; };
		5AD237892B63EC1400DD9F52 /* Base */ = {isa = PBXFileReference; lastKnownFileType = file.storyboard; name = Base; path = Base.lproj/LaunchScreen.storyboard; sourceTree = "<group>"; };
		5AD2378B2B63EC1400DD9F52 /* Info.plist */ = {isa = PBXFileReference; lastKnownFileType = text.plist.xml; path = Info.plist; sourceTree = "<group>"; };
		5AD2379A2B63EC1400DD9F52 /* TinkoffCalculatorUITests.xctest */ = {isa = PBXFileReference; explicitFileType = wrapper.cfbundle; includeInIndex = 0; path = TinkoffCalculatorUITests.xctest; sourceTree = BUILT_PRODUCTS_DIR; };
		5AD754592B691D5F007573C4 /* HistoryTableViewCell.swift */ = {isa = PBXFileReference; lastKnownFileType = sourcecode.swift; path = HistoryTableViewCell.swift; sourceTree = "<group>"; };
		5AD7545B2B691E1B007573C4 /* HistoryTableViewCell.xib */ = {isa = PBXFileReference; lastKnownFileType = file.xib; path = HistoryTableViewCell.xib; sourceTree = "<group>"; };
/* End PBXFileReference section */

/* Begin PBXFrameworksBuildPhase section */
		5AD237772B63EC1000DD9F52 /* Frameworks */ = {
			isa = PBXFrameworksBuildPhase;
			buildActionMask = 2147483647;
			files = (
			);
			runOnlyForDeploymentPostprocessing = 0;
		};
		5AD237972B63EC1400DD9F52 /* Frameworks */ = {
			isa = PBXFrameworksBuildPhase;
			buildActionMask = 2147483647;
			files = (
				5A06CB762B8CF876009E22EA /* iOSSnapshotTestCase in Frameworks */,
			);
			runOnlyForDeploymentPostprocessing = 0;
		};
/* End PBXFrameworksBuildPhase section */

/* Begin PBXGroup section */
		5A06CB742B8CF876009E22EA /* Frameworks */ = {
			isa = PBXGroup;
			children = (
			);
			name = Frameworks;
			sourceTree = "<group>";
		};
		5A7D786A2B83AED60014F88B /* Calculation */ = {
			isa = PBXGroup;
			children = (
				5A7D787C2B83B3B90014F88B /* CalculationTest.swift */,
				5A7D78702B83AF9F0014F88B /* AddTest.swift */,
				5A7D78762B83AFCE0014F88B /* SubstractTest.swift */,
				5A7D78742B83AFBB0014F88B /* MultiplyTest.swift */,
				5A7D78722B83AFA90014F88B /* DivideTest.swift */,
				5A7D78782B83B0020014F88B /* ClearTest.swift */,
				5A7D787F2B84AF860014F88B /* EasterEggTest.swift */,
			);
			path = Calculation;
			sourceTree = "<group>";
		};
		5A7D786B2B83AEE90014F88B /* History */ = {
			isa = PBXGroup;
			children = (
				5A7D787A2B83B01B0014F88B /* HistoryTest.swift */,
			);
			path = History;
			sourceTree = "<group>";
		};
		5A97A2A52B6A676F001E9671 /* Storage */ = {
			isa = PBXGroup;
			children = (
				5A97A2A62B6A679D001E9671 /* Storage.swift */,
			);
			path = Storage;
			sourceTree = "<group>";
		};
		5A97A2AB2B6BEEFD001E9671 /* Application */ = {
			isa = PBXGroup;
			children = (
				5A97A2B02B6BEF79001E9671 /* Model */,
				5A97A2AF2B6BEF75001E9671 /* View */,
				5A97A2AE2B6BEF6F001E9671 /* Controller */,
			);
			path = Application;
			sourceTree = "<group>";
		};
		5A97A2AC2B6BEF19001E9671 /* Calculation */ = {
			isa = PBXGroup;
			children = (
				5A97A2B32B6BEF8E001E9671 /* Model */,
				5A97A2B22B6BEF8A001E9671 /* View */,
				5A97A2B12B6BEF84001E9671 /* Controller */,
			);
			path = Calculation;
			sourceTree = "<group>";
		};
		5A97A2AD2B6BEF42001E9671 /* Supporting Files */ = {
			isa = PBXGroup;
			children = (
				5AD237862B63EC1400DD9F52 /* Assets.xcassets */,
				5AD2378B2B63EC1400DD9F52 /* Info.plist */,
			);
			path = "Supporting Files";
			sourceTree = "<group>";
		};
		5A97A2AE2B6BEF6F001E9671 /* Controller */ = {
			isa = PBXGroup;
			children = (
				5AD2377D2B63EC1000DD9F52 /* AppDelegate.swift */,
				5AD2377F2B63EC1000DD9F52 /* SceneDelegate.swift */,
			);
			path = Controller;
			sourceTree = "<group>";
		};
		5A97A2AF2B6BEF75001E9671 /* View */ = {
			isa = PBXGroup;
			children = (
				5AD237882B63EC1400DD9F52 /* LaunchScreen.storyboard */,
				5A97A2A82B6A9BFC001E9671 /* AlertView.swift */,
			);
			path = View;
			sourceTree = "<group>";
		};
		5A97A2B02B6BEF79001E9671 /* Model */ = {
			isa = PBXGroup;
			children = (
			);
			path = Model;
			sourceTree = "<group>";
		};
		5A97A2B12B6BEF84001E9671 /* Controller */ = {
			isa = PBXGroup;
			children = (
				5AD237812B63EC1000DD9F52 /* CalculationViewController.swift */,
			);
			path = Controller;
			sourceTree = "<group>";
		};
		5A97A2B22B6BEF8A001E9671 /* View */ = {
			isa = PBXGroup;
			children = (
				5AD237832B63EC1000DD9F52 /* Main.storyboard */,
			);
			path = View;
			sourceTree = "<group>";
		};
		5A97A2B32B6BEF8E001E9671 /* Model */ = {
			isa = PBXGroup;
			children = (
				5A97A2B72B6BF09B001E9671 /* Model.swift */,
			);
			path = Model;
			sourceTree = "<group>";
		};
		5A97A2B42B6BEF93001E9671 /* Controller */ = {
			isa = PBXGroup;
			children = (
				5A11BBD22B68181D003BEC35 /* HistoryViewController.swift */,
			);
			path = Controller;
			sourceTree = "<group>";
		};
		5A97A2B52B6BEF99001E9671 /* View */ = {
			isa = PBXGroup;
			children = (
				5AD754592B691D5F007573C4 /* HistoryTableViewCell.swift */,
				5AD7545B2B691E1B007573C4 /* HistoryTableViewCell.xib */,
			);
			path = View;
			sourceTree = "<group>";
		};
		5A97A2B62B6BEF9C001E9671 /* Model */ = {
			isa = PBXGroup;
			children = (
			);
			path = Model;
			sourceTree = "<group>";
		};
		5A97A2BD2B6BF6FC001E9671 /* Extensions */ = {
			isa = PBXGroup;
			children = (
				5A97A2B92B6BF5D8001E9671 /* UILabel+Animation.swift */,
				5A97A2BB2B6BF674001E9671 /* UIButton+Animation.swift */,
			);
			path = Extensions;
			sourceTree = "<group>";
		};
		5A9AA8D12B8BBE6400EB0767 /* Snapshot */ = {
			isa = PBXGroup;
			children = (
				5A9AA8D22B8BBE9800EB0767 /* SnapshotTest.swift */,
			);
			path = Snapshot;
			sourceTree = "<group>";
		};
		5A9F2E582B73CCC200D6186E /* Tests */ = {
			isa = PBXGroup;
			children = (
				5AD2379D2B63EC1400DD9F52 /* TinkoffCalculatorUITests */,
			);
			path = Tests;
			sourceTree = "<group>";
		};
		5A9F2E592B73CD2500D6186E /* Pages */ = {
			isa = PBXGroup;
			children = (
				5A9F2E5D2B73CF2700D6186E /* CommonPage.swift */,
				5A9F2E5F2B73CFE700D6186E /* CalculationPage.swift */,
				5A7D78662B7D25A20014F88B /* HistoryPage.swift */,
			);
			path = Pages;
			sourceTree = "<group>";
		};
		5A9F2E5A2B73CD2B00D6186E /* Test Plans */ = {
			isa = PBXGroup;
			children = (
				5A9F2E672B73D6B600D6186E /* Regression.xctestplan */,
				5A7D787E2B84ADCA0014F88B /* Smoke.xctestplan */,
			);
			path = "Test Plans";
			sourceTree = "<group>";
		};
		5A9F2E5B2B73CD3300D6186E /* Tests */ = {
			isa = PBXGroup;
			children = (
				5A9F2E612B73D0F600D6186E /* CommonTest.swift */,
				5A7D786A2B83AED60014F88B /* Calculation */,
				5A7D786B2B83AEE90014F88B /* History */,
				5A9AA8D12B8BBE6400EB0767 /* Snapshot */,
			);
			path = Tests;
			sourceTree = "<group>";
		};
		5A9F2E5C2B73CD5200D6186E /* Extensions */ = {
			isa = PBXGroup;
			children = (
				5AC75B072B98A88C00938135 /* XCTest+Annotations.swift */,
				5A7D78682B7E76790014F88B /* XCUIElement+ExistenceCheck.swift */,
				5A7D78842B8614190014F88B /* Date+CurrentDate.swift */,
				5A9AA8D82B8BC9D100EB0767 /* UIDevice+MapToDevice.swift */,
				5A9AA8DA2B8BCA1200EB0767 /* UIImage+ImageCrop.swift */,
			);
			path = Extensions;
			sourceTree = "<group>";
		};
		5AD237712B63EC1000DD9F52 = {
			isa = PBXGroup;
			children = (
				5AD2377C2B63EC1000DD9F52 /* TinkoffCalculator */,
				5A9F2E582B73CCC200D6186E /* Tests */,
				5AD2377B2B63EC1000DD9F52 /* Products */,
				5A06CB742B8CF876009E22EA /* Frameworks */,
			);
			sourceTree = "<group>";
		};
		5AD2377B2B63EC1000DD9F52 /* Products */ = {
			isa = PBXGroup;
			children = (
				5AD2377A2B63EC1000DD9F52 /* TinkoffCalculator.app */,
				5AD2379A2B63EC1400DD9F52 /* TinkoffCalculatorUITests.xctest */,
			);
			name = Products;
			sourceTree = "<group>";
		};
		5AD2377C2B63EC1000DD9F52 /* TinkoffCalculator */ = {
			isa = PBXGroup;
			children = (
				5A97A2AB2B6BEEFD001E9671 /* Application */,
				5A97A2AC2B6BEF19001E9671 /* Calculation */,
				5AD754582B691D3F007573C4 /* History */,
				5A97A2A52B6A676F001E9671 /* Storage */,
				5A97A2BD2B6BF6FC001E9671 /* Extensions */,
				5A97A2AD2B6BEF42001E9671 /* Supporting Files */,
			);
			path = TinkoffCalculator;
			sourceTree = "<group>";
		};
		5AD2379D2B63EC1400DD9F52 /* TinkoffCalculatorUITests */ = {
			isa = PBXGroup;
			children = (
				5A9F2E5A2B73CD2B00D6186E /* Test Plans */,
				5A9F2E5B2B73CD3300D6186E /* Tests */,
				5A9F2E592B73CD2500D6186E /* Pages */,
				5A9F2E5C2B73CD5200D6186E /* Extensions */,
			);
			path = TinkoffCalculatorUITests;
			sourceTree = "<group>";
		};
		5AD754582B691D3F007573C4 /* History */ = {
			isa = PBXGroup;
			children = (
				5A97A2B62B6BEF9C001E9671 /* Model */,
				5A97A2B52B6BEF99001E9671 /* View */,
				5A97A2B42B6BEF93001E9671 /* Controller */,
			);
			path = History;
			sourceTree = "<group>";
		};
/* End PBXGroup section */

/* Begin PBXNativeTarget section */
		5AD237792B63EC1000DD9F52 /* TinkoffCalculator */ = {
			isa = PBXNativeTarget;
			buildConfigurationList = 5AD237A42B63EC1400DD9F52 /* Build configuration list for PBXNativeTarget "TinkoffCalculator" */;
			buildPhases = (
				5AD237762B63EC1000DD9F52 /* Sources */,
				5AD237772B63EC1000DD9F52 /* Frameworks */,
				5AD237782B63EC1000DD9F52 /* Resources */,
				5A97A2AA2B6BEB5B001E9671 /* ShellScript */,
			);
			buildRules = (
			);
			dependencies = (
			);
			name = TinkoffCalculator;
			productName = TinkoffCalculator;
			productReference = 5AD2377A2B63EC1000DD9F52 /* TinkoffCalculator.app */;
			productType = "com.apple.product-type.application";
		};
		5AD237992B63EC1400DD9F52 /* TinkoffCalculatorUITests */ = {
			isa = PBXNativeTarget;
			buildConfigurationList = 5AD237AA2B63EC1400DD9F52 /* Build configuration list for PBXNativeTarget "TinkoffCalculatorUITests" */;
			buildPhases = (
				5AD237962B63EC1400DD9F52 /* Sources */,
				5AD237972B63EC1400DD9F52 /* Frameworks */,
				5AD237982B63EC1400DD9F52 /* Resources */,
				5A06CB782B8CF877009E22EA /* Embed Frameworks */,
			);
			buildRules = (
			);
			dependencies = (
				5AD2379C2B63EC1400DD9F52 /* PBXTargetDependency */,
			);
			name = TinkoffCalculatorUITests;
			packageProductDependencies = (
				5A06CB752B8CF876009E22EA /* iOSSnapshotTestCase */,
			);
			productName = TinkoffCalculatorUITests;
			productReference = 5AD2379A2B63EC1400DD9F52 /* TinkoffCalculatorUITests.xctest */;
			productType = "com.apple.product-type.bundle.ui-testing";
		};
/* End PBXNativeTarget section */

/* Begin PBXProject section */
		5AD237722B63EC1000DD9F52 /* Project object */ = {
			isa = PBXProject;
			attributes = {
				BuildIndependentTargetsInParallel = 1;
				LastSwiftUpdateCheck = 1520;
				LastUpgradeCheck = 1520;
				TargetAttributes = {
					5AD237792B63EC1000DD9F52 = {
						CreatedOnToolsVersion = 15.2;
					};
					5AD237992B63EC1400DD9F52 = {
						CreatedOnToolsVersion = 15.2;
						TestTargetID = 5AD237792B63EC1000DD9F52;
					};
				};
			};
			buildConfigurationList = 5AD237752B63EC1000DD9F52 /* Build configuration list for PBXProject "TinkoffCalculator" */;
			compatibilityVersion = "Xcode 14.0";
			developmentRegion = en;
			hasScannedForEncodings = 0;
			knownRegions = (
				en,
				Base,
			);
			mainGroup = 5AD237712B63EC1000DD9F52;
			packageReferences = (
				5A9AA8D52B8BC22B00EB0767 /* XCRemoteSwiftPackageReference "ios-snapshot-test-case" */,
			);
			productRefGroup = 5AD2377B2B63EC1000DD9F52 /* Products */;
			projectDirPath = "";
			projectRoot = "";
			targets = (
				5AD237792B63EC1000DD9F52 /* TinkoffCalculator */,
				5AD237992B63EC1400DD9F52 /* TinkoffCalculatorUITests */,
			);
		};
/* End PBXProject section */

/* Begin PBXResourcesBuildPhase section */
		5AD237782B63EC1000DD9F52 /* Resources */ = {
			isa = PBXResourcesBuildPhase;
			buildActionMask = 2147483647;
			files = (
				5AD2378A2B63EC1400DD9F52 /* LaunchScreen.storyboard in Resources */,
				5AD237872B63EC1400DD9F52 /* Assets.xcassets in Resources */,
				5AD7545C2B691E1B007573C4 /* HistoryTableViewCell.xib in Resources */,
				5AD237852B63EC1000DD9F52 /* Main.storyboard in Resources */,
			);
			runOnlyForDeploymentPostprocessing = 0;
		};
		5AD237982B63EC1400DD9F52 /* Resources */ = {
			isa = PBXResourcesBuildPhase;
			buildActionMask = 2147483647;
			files = (
			);
			runOnlyForDeploymentPostprocessing = 0;
		};
/* End PBXResourcesBuildPhase section */

/* Begin PBXShellScriptBuildPhase section */
		5A97A2AA2B6BEB5B001E9671 /* ShellScript */ = {
			isa = PBXShellScriptBuildPhase;
			alwaysOutOfDate = 1;
			buildActionMask = 8;
			files = (
			);
			inputFileListPaths = (
			);
			inputPaths = (
			);
			outputFileListPaths = (
			);
			outputPaths = (
			);
			runOnlyForDeploymentPostprocessing = 1;
			shellPath = /bin/sh;
			shellScript = "# Type a script or drag a script file from your workspace to insert its path.\nif which swiftlint >/dev/null; then\n  swiftlint\nelse\n  echo \"error: SwiftLint does not exist, download it from https://github.com/realm/SwiftLint\"\n  exit 1\nfi\n";
		};
/* End PBXShellScriptBuildPhase section */

/* Begin PBXSourcesBuildPhase section */
		5AD237762B63EC1000DD9F52 /* Sources */ = {
			isa = PBXSourcesBuildPhase;
			buildActionMask = 2147483647;
			files = (
				5A11BBD32B68181D003BEC35 /* HistoryViewController.swift in Sources */,
				5A97A2BA2B6BF5D8001E9671 /* UILabel+Animation.swift in Sources */,
				5AD237822B63EC1000DD9F52 /* CalculationViewController.swift in Sources */,
				5A97A2A92B6A9BFC001E9671 /* AlertView.swift in Sources */,
				5A97A2BC2B6BF674001E9671 /* UIButton+Animation.swift in Sources */,
				5AD2377E2B63EC1000DD9F52 /* AppDelegate.swift in Sources */,
				5AD237802B63EC1000DD9F52 /* SceneDelegate.swift in Sources */,
				5AD7545A2B691D5F007573C4 /* HistoryTableViewCell.swift in Sources */,
				5A97A2A72B6A679D001E9671 /* Storage.swift in Sources */,
				5A97A2B82B6BF09B001E9671 /* Model.swift in Sources */,
			);
			runOnlyForDeploymentPostprocessing = 0;
		};
		5AD237962B63EC1400DD9F52 /* Sources */ = {
			isa = PBXSourcesBuildPhase;
			buildActionMask = 2147483647;
			files = (
				5A7D78732B83AFA90014F88B /* DivideTest.swift in Sources */,
				5A9AA8D42B8BC1DC00EB0767 /* SnapshotTest.swift in Sources */,
				5A9AA8DB2B8BCA1200EB0767 /* UIImage+ImageCrop.swift in Sources */,
				5AC75B082B98A88C00938135 /* XCTest+Annotations.swift in Sources */,
				5A7D78862B861A820014F88B /* Date+CurrentDate.swift in Sources */,
				5A7D78772B83AFCE0014F88B /* SubstractTest.swift in Sources */,
				5A7D787B2B83B01B0014F88B /* HistoryTest.swift in Sources */,
				5A7D78802B84AF860014F88B /* EasterEggTest.swift in Sources */,
				5A9F2E622B73D0F600D6186E /* CommonTest.swift in Sources */,
				5A7D78672B7D25A20014F88B /* HistoryPage.swift in Sources */,
				5A7D78792B83B0020014F88B /* ClearTest.swift in Sources */,
				5A7D78692B7E76790014F88B /* XCUIElement+ExistenceCheck.swift in Sources */,
				5A7D787D2B83B3B90014F88B /* CalculationTest.swift in Sources */,
				5A7D78712B83AF9F0014F88B /* AddTest.swift in Sources */,
				5A7D78752B83AFBB0014F88B /* MultiplyTest.swift in Sources */,
				5A9AA8D92B8BC9D100EB0767 /* UIDevice+MapToDevice.swift in Sources */,
				5A9F2E602B73CFE700D6186E /* CalculationPage.swift in Sources */,
				5A9F2E5E2B73CF2700D6186E /* CommonPage.swift in Sources */,
			);
			runOnlyForDeploymentPostprocessing = 0;
		};
/* End PBXSourcesBuildPhase section */

/* Begin PBXTargetDependency section */
		5AD2379C2B63EC1400DD9F52 /* PBXTargetDependency */ = {
			isa = PBXTargetDependency;
			target = 5AD237792B63EC1000DD9F52 /* TinkoffCalculator */;
			targetProxy = 5AD2379B2B63EC1400DD9F52 /* PBXContainerItemProxy */;
		};
/* End PBXTargetDependency section */

/* Begin PBXVariantGroup section */
		5AD237832B63EC1000DD9F52 /* Main.storyboard */ = {
			isa = PBXVariantGroup;
			children = (
				5AD237842B63EC1000DD9F52 /* Base */,
			);
			name = Main.storyboard;
			sourceTree = "<group>";
		};
		5AD237882B63EC1400DD9F52 /* LaunchScreen.storyboard */ = {
			isa = PBXVariantGroup;
			children = (
				5AD237892B63EC1400DD9F52 /* Base */,
			);
			name = LaunchScreen.storyboard;
			sourceTree = "<group>";
		};
/* End PBXVariantGroup section */

/* Begin XCBuildConfiguration section */
		5AD237A22B63EC1400DD9F52 /* Debug */ = {
			isa = XCBuildConfiguration;
			buildSettings = {
				ALWAYS_SEARCH_USER_PATHS = NO;
				ASSETCATALOG_COMPILER_GENERATE_SWIFT_ASSET_SYMBOL_EXTENSIONS = YES;
				CLANG_ANALYZER_NONNULL = YES;
				CLANG_ANALYZER_NUMBER_OBJECT_CONVERSION = YES_AGGRESSIVE;
				CLANG_CXX_LANGUAGE_STANDARD = "gnu++20";
				CLANG_ENABLE_MODULES = YES;
				CLANG_ENABLE_OBJC_ARC = YES;
				CLANG_ENABLE_OBJC_WEAK = YES;
				CLANG_WARN_BLOCK_CAPTURE_AUTORELEASING = YES;
				CLANG_WARN_BOOL_CONVERSION = YES;
				CLANG_WARN_COMMA = YES;
				CLANG_WARN_CONSTANT_CONVERSION = YES;
				CLANG_WARN_DEPRECATED_OBJC_IMPLEMENTATIONS = YES;
				CLANG_WARN_DIRECT_OBJC_ISA_USAGE = YES_ERROR;
				CLANG_WARN_DOCUMENTATION_COMMENTS = YES;
				CLANG_WARN_EMPTY_BODY = YES;
				CLANG_WARN_ENUM_CONVERSION = YES;
				CLANG_WARN_INFINITE_RECURSION = YES;
				CLANG_WARN_INT_CONVERSION = YES;
				CLANG_WARN_NON_LITERAL_NULL_CONVERSION = YES;
				CLANG_WARN_OBJC_IMPLICIT_RETAIN_SELF = YES;
				CLANG_WARN_OBJC_LITERAL_CONVERSION = YES;
				CLANG_WARN_OBJC_ROOT_CLASS = YES_ERROR;
				CLANG_WARN_QUOTED_INCLUDE_IN_FRAMEWORK_HEADER = YES;
				CLANG_WARN_RANGE_LOOP_ANALYSIS = YES;
				CLANG_WARN_STRICT_PROTOTYPES = YES;
				CLANG_WARN_SUSPICIOUS_MOVE = YES;
				CLANG_WARN_UNGUARDED_AVAILABILITY = YES_AGGRESSIVE;
				CLANG_WARN_UNREACHABLE_CODE = YES;
				CLANG_WARN__DUPLICATE_METHOD_MATCH = YES;
				COPY_PHASE_STRIP = NO;
				DEBUG_INFORMATION_FORMAT = dwarf;
				ENABLE_STRICT_OBJC_MSGSEND = YES;
				ENABLE_TESTABILITY = YES;
				ENABLE_USER_SCRIPT_SANDBOXING = YES;
				GCC_C_LANGUAGE_STANDARD = gnu17;
				GCC_DYNAMIC_NO_PIC = NO;
				GCC_NO_COMMON_BLOCKS = YES;
				GCC_OPTIMIZATION_LEVEL = 0;
				GCC_PREPROCESSOR_DEFINITIONS = (
					"DEBUG=1",
					"$(inherited)",
				);
				GCC_WARN_64_TO_32_BIT_CONVERSION = YES;
				GCC_WARN_ABOUT_RETURN_TYPE = YES_ERROR;
				GCC_WARN_UNDECLARED_SELECTOR = YES;
				GCC_WARN_UNINITIALIZED_AUTOS = YES_AGGRESSIVE;
				GCC_WARN_UNUSED_FUNCTION = YES;
				GCC_WARN_UNUSED_VARIABLE = YES;
				INFOPLIST_FILE = "TinkoffCalculator/Supporting Files/Info.plist";
				IPHONEOS_DEPLOYMENT_TARGET = 16.0;
				LOCALIZATION_PREFERS_STRING_CATALOGS = YES;
				MTL_ENABLE_DEBUG_INFO = INCLUDE_SOURCE;
				MTL_FAST_MATH = YES;
				ONLY_ACTIVE_ARCH = YES;
				SDKROOT = iphoneos;
				SWIFT_ACTIVE_COMPILATION_CONDITIONS = "DEBUG $(inherited)";
				SWIFT_OPTIMIZATION_LEVEL = "-Onone";
			};
			name = Debug;
		};
		5AD237A32B63EC1400DD9F52 /* Release */ = {
			isa = XCBuildConfiguration;
			buildSettings = {
				ALWAYS_SEARCH_USER_PATHS = NO;
				ASSETCATALOG_COMPILER_GENERATE_SWIFT_ASSET_SYMBOL_EXTENSIONS = YES;
				CLANG_ANALYZER_NONNULL = YES;
				CLANG_ANALYZER_NUMBER_OBJECT_CONVERSION = YES_AGGRESSIVE;
				CLANG_CXX_LANGUAGE_STANDARD = "gnu++20";
				CLANG_ENABLE_MODULES = YES;
				CLANG_ENABLE_OBJC_ARC = YES;
				CLANG_ENABLE_OBJC_WEAK = YES;
				CLANG_WARN_BLOCK_CAPTURE_AUTORELEASING = YES;
				CLANG_WARN_BOOL_CONVERSION = YES;
				CLANG_WARN_COMMA = YES;
				CLANG_WARN_CONSTANT_CONVERSION = YES;
				CLANG_WARN_DEPRECATED_OBJC_IMPLEMENTATIONS = YES;
				CLANG_WARN_DIRECT_OBJC_ISA_USAGE = YES_ERROR;
				CLANG_WARN_DOCUMENTATION_COMMENTS = YES;
				CLANG_WARN_EMPTY_BODY = YES;
				CLANG_WARN_ENUM_CONVERSION = YES;
				CLANG_WARN_INFINITE_RECURSION = YES;
				CLANG_WARN_INT_CONVERSION = YES;
				CLANG_WARN_NON_LITERAL_NULL_CONVERSION = YES;
				CLANG_WARN_OBJC_IMPLICIT_RETAIN_SELF = YES;
				CLANG_WARN_OBJC_LITERAL_CONVERSION = YES;
				CLANG_WARN_OBJC_ROOT_CLASS = YES_ERROR;
				CLANG_WARN_QUOTED_INCLUDE_IN_FRAMEWORK_HEADER = YES;
				CLANG_WARN_RANGE_LOOP_ANALYSIS = YES;
				CLANG_WARN_STRICT_PROTOTYPES = YES;
				CLANG_WARN_SUSPICIOUS_MOVE = YES;
				CLANG_WARN_UNGUARDED_AVAILABILITY = YES_AGGRESSIVE;
				CLANG_WARN_UNREACHABLE_CODE = YES;
				CLANG_WARN__DUPLICATE_METHOD_MATCH = YES;
				COPY_PHASE_STRIP = NO;
				DEBUG_INFORMATION_FORMAT = "dwarf-with-dsym";
				ENABLE_NS_ASSERTIONS = NO;
				ENABLE_STRICT_OBJC_MSGSEND = YES;
				ENABLE_USER_SCRIPT_SANDBOXING = YES;
				GCC_C_LANGUAGE_STANDARD = gnu17;
				GCC_NO_COMMON_BLOCKS = YES;
				GCC_WARN_64_TO_32_BIT_CONVERSION = YES;
				GCC_WARN_ABOUT_RETURN_TYPE = YES_ERROR;
				GCC_WARN_UNDECLARED_SELECTOR = YES;
				GCC_WARN_UNINITIALIZED_AUTOS = YES_AGGRESSIVE;
				GCC_WARN_UNUSED_FUNCTION = YES;
				GCC_WARN_UNUSED_VARIABLE = YES;
				INFOPLIST_FILE = "TinkoffCalculator/Supporting Files/Info.plist";
				IPHONEOS_DEPLOYMENT_TARGET = 16.0;
				LOCALIZATION_PREFERS_STRING_CATALOGS = YES;
				MTL_ENABLE_DEBUG_INFO = NO;
				MTL_FAST_MATH = YES;
				SDKROOT = iphoneos;
				SWIFT_COMPILATION_MODE = wholemodule;
				VALIDATE_PRODUCT = YES;
			};
			name = Release;
		};
		5AD237A52B63EC1400DD9F52 /* Debug */ = {
			isa = XCBuildConfiguration;
			buildSettings = {
				ASSETCATALOG_COMPILER_APPICON_NAME = AppIcon;
				ASSETCATALOG_COMPILER_GLOBAL_ACCENT_COLOR_NAME = AccentColor;
				CODE_SIGN_STYLE = Automatic;
				CURRENT_PROJECT_VERSION = 1;
				DEVELOPMENT_TEAM = A9DYLZK6WL;
				ENABLE_USER_SCRIPT_SANDBOXING = NO;
				GENERATE_INFOPLIST_FILE = YES;
				INFOPLIST_FILE = "TinkoffCalculator/Supporting Files/Info.plist";
				INFOPLIST_KEY_LSApplicationCategoryType = "public.app-category.utilities";
				INFOPLIST_KEY_UIApplicationSupportsIndirectInputEvents = YES;
				INFOPLIST_KEY_UILaunchStoryboardName = LaunchScreen;
				INFOPLIST_KEY_UIMainStoryboardFile = Main;
				INFOPLIST_KEY_UISupportedInterfaceOrientations_iPad = "UIInterfaceOrientationPortrait UIInterfaceOrientationPortraitUpsideDown UIInterfaceOrientationLandscapeLeft UIInterfaceOrientationLandscapeRight";
				INFOPLIST_KEY_UISupportedInterfaceOrientations_iPhone = "UIInterfaceOrientationPortrait UIInterfaceOrientationLandscapeLeft UIInterfaceOrientationLandscapeRight";
				IPHONEOS_DEPLOYMENT_TARGET = 16.0;
				LD_RUNPATH_SEARCH_PATHS = (
					"$(inherited)",
					"@executable_path/Frameworks",
				);
				MARKETING_VERSION = 1.0;
				PRODUCT_BUNDLE_IDENTIFIER = com.ssaashaa.TinkoffCalculator;
				PRODUCT_NAME = "$(TARGET_NAME)";
				SUPPORTED_PLATFORMS = "iphoneos iphonesimulator";
				SUPPORTS_MACCATALYST = NO;
				SUPPORTS_MAC_DESIGNED_FOR_IPHONE_IPAD = NO;
				SUPPORTS_XR_DESIGNED_FOR_IPHONE_IPAD = NO;
				SWIFT_EMIT_LOC_STRINGS = YES;
				SWIFT_VERSION = 5.0;
				TARGETED_DEVICE_FAMILY = "1,2";
			};
			name = Debug;
		};
		5AD237A62B63EC1400DD9F52 /* Release */ = {
			isa = XCBuildConfiguration;
			buildSettings = {
				ASSETCATALOG_COMPILER_APPICON_NAME = AppIcon;
				ASSETCATALOG_COMPILER_GLOBAL_ACCENT_COLOR_NAME = AccentColor;
				CODE_SIGN_STYLE = Automatic;
				CURRENT_PROJECT_VERSION = 1;
				DEVELOPMENT_TEAM = A9DYLZK6WL;
				ENABLE_USER_SCRIPT_SANDBOXING = NO;
				GENERATE_INFOPLIST_FILE = YES;
				INFOPLIST_FILE = "TinkoffCalculator/Supporting Files/Info.plist";
				INFOPLIST_KEY_LSApplicationCategoryType = "public.app-category.utilities";
				INFOPLIST_KEY_UIApplicationSupportsIndirectInputEvents = YES;
				INFOPLIST_KEY_UILaunchStoryboardName = LaunchScreen;
				INFOPLIST_KEY_UIMainStoryboardFile = Main;
				INFOPLIST_KEY_UISupportedInterfaceOrientations_iPad = "UIInterfaceOrientationPortrait UIInterfaceOrientationPortraitUpsideDown UIInterfaceOrientationLandscapeLeft UIInterfaceOrientationLandscapeRight";
				INFOPLIST_KEY_UISupportedInterfaceOrientations_iPhone = "UIInterfaceOrientationPortrait UIInterfaceOrientationLandscapeLeft UIInterfaceOrientationLandscapeRight";
				IPHONEOS_DEPLOYMENT_TARGET = 16.0;
				LD_RUNPATH_SEARCH_PATHS = (
					"$(inherited)",
					"@executable_path/Frameworks",
				);
				MARKETING_VERSION = 1.0;
				PRODUCT_BUNDLE_IDENTIFIER = com.ssaashaa.TinkoffCalculator;
				PRODUCT_NAME = "$(TARGET_NAME)";
				SUPPORTED_PLATFORMS = "iphoneos iphonesimulator";
				SUPPORTS_MACCATALYST = NO;
				SUPPORTS_MAC_DESIGNED_FOR_IPHONE_IPAD = NO;
				SUPPORTS_XR_DESIGNED_FOR_IPHONE_IPAD = NO;
				SWIFT_EMIT_LOC_STRINGS = YES;
				SWIFT_VERSION = 5.0;
				TARGETED_DEVICE_FAMILY = "1,2";
			};
			name = Release;
		};
		5AD237AB2B63EC1400DD9F52 /* Debug */ = {
			isa = XCBuildConfiguration;
			buildSettings = {
				ALWAYS_EMBED_SWIFT_STANDARD_LIBRARIES = YES;
				CODE_SIGN_STYLE = Automatic;
				CURRENT_PROJECT_VERSION = 1;
				DEVELOPMENT_TEAM = A9DYLZK6WL;
				GENERATE_INFOPLIST_FILE = YES;
				IPHONEOS_DEPLOYMENT_TARGET = 16.0;
				MARKETING_VERSION = 1.0;
				PRODUCT_BUNDLE_IDENTIFIER = com.ssaashaa.TinkoffCalculatorUITests;
				PRODUCT_NAME = "$(TARGET_NAME)";
				SUPPORTED_PLATFORMS = "iphoneos iphonesimulator";
				SUPPORTS_MACCATALYST = NO;
				SUPPORTS_MAC_DESIGNED_FOR_IPHONE_IPAD = NO;
				SUPPORTS_XR_DESIGNED_FOR_IPHONE_IPAD = NO;
				SWIFT_EMIT_LOC_STRINGS = NO;
				SWIFT_VERSION = 5.0;
				TARGETED_DEVICE_FAMILY = "1,2";
				TEST_TARGET_NAME = TinkoffCalculator;
			};
			name = Debug;
		};
		5AD237AC2B63EC1400DD9F52 /* Release */ = {
			isa = XCBuildConfiguration;
			buildSettings = {
				ALWAYS_EMBED_SWIFT_STANDARD_LIBRARIES = YES;
				CODE_SIGN_STYLE = Automatic;
				CURRENT_PROJECT_VERSION = 1;
				DEVELOPMENT_TEAM = A9DYLZK6WL;
				GENERATE_INFOPLIST_FILE = YES;
				IPHONEOS_DEPLOYMENT_TARGET = 16.0;
				MARKETING_VERSION = 1.0;
				PRODUCT_BUNDLE_IDENTIFIER = com.ssaashaa.TinkoffCalculatorUITests;
				PRODUCT_NAME = "$(TARGET_NAME)";
				SUPPORTED_PLATFORMS = "iphoneos iphonesimulator";
				SUPPORTS_MACCATALYST = NO;
				SUPPORTS_MAC_DESIGNED_FOR_IPHONE_IPAD = NO;
				SUPPORTS_XR_DESIGNED_FOR_IPHONE_IPAD = NO;
				SWIFT_EMIT_LOC_STRINGS = NO;
				SWIFT_VERSION = 5.0;
				TARGETED_DEVICE_FAMILY = "1,2";
				TEST_TARGET_NAME = TinkoffCalculator;
			};
			name = Release;
		};
/* End XCBuildConfiguration section */

/* Begin XCConfigurationList section */
		5AD237752B63EC1000DD9F52 /* Build configuration list for PBXProject "TinkoffCalculator" */ = {
			isa = XCConfigurationList;
			buildConfigurations = (
				5AD237A22B63EC1400DD9F52 /* Debug */,
				5AD237A32B63EC1400DD9F52 /* Release */,
			);
			defaultConfigurationIsVisible = 0;
			defaultConfigurationName = Release;
		};
		5AD237A42B63EC1400DD9F52 /* Build configuration list for PBXNativeTarget "TinkoffCalculator" */ = {
			isa = XCConfigurationList;
			buildConfigurations = (
				5AD237A52B63EC1400DD9F52 /* Debug */,
				5AD237A62B63EC1400DD9F52 /* Release */,
			);
			defaultConfigurationIsVisible = 0;
			defaultConfigurationName = Release;
		};
		5AD237AA2B63EC1400DD9F52 /* Build configuration list for PBXNativeTarget "TinkoffCalculatorUITests" */ = {
			isa = XCConfigurationList;
			buildConfigurations = (
				5AD237AB2B63EC1400DD9F52 /* Debug */,
				5AD237AC2B63EC1400DD9F52 /* Release */,
			);
			defaultConfigurationIsVisible = 0;
			defaultConfigurationName = Release;
		};
/* End XCConfigurationList section */

/* Begin XCRemoteSwiftPackageReference section */
		5A9AA8D52B8BC22B00EB0767 /* XCRemoteSwiftPackageReference "ios-snapshot-test-case" */ = {
			isa = XCRemoteSwiftPackageReference;
			repositoryURL = "https://github.com/uber/ios-snapshot-test-case";
			requirement = {
				kind = upToNextMajorVersion;
				minimumVersion = 8.0.0;
			};
		};
/* End XCRemoteSwiftPackageReference section */

/* Begin XCSwiftPackageProductDependency section */
		5A06CB752B8CF876009E22EA /* iOSSnapshotTestCase */ = {
			isa = XCSwiftPackageProductDependency;
			package = 5A9AA8D52B8BC22B00EB0767 /* XCRemoteSwiftPackageReference "ios-snapshot-test-case" */;
			productName = iOSSnapshotTestCase;
		};
/* End XCSwiftPackageProductDependency section */
	};
	rootObject = 5AD237722B63EC1000DD9F52 /* Project object */;
}
